PODS:
  - BaiduMapKit (3.3.0)
  - HDPodBMKSDK (0.0.1):
    - BaiduMapKit
    - HDPodBMKSDK/HDPodBMKSDK (= 0.0.1)
  - HDPodBMKSDK/HDPodBMKSDK (0.0.1):
    - BaiduMapKit

DEPENDENCIES:
  - BaiduMapKit
  - HDPodBMKSDK (from `../HDPodBMKSDK`)

EXTERNAL SOURCES:
  HDPodBMKSDK:
    :path: ../HDPodBMKSDK

SPEC CHECKSUMS:
  BaiduMapKit: 6517f84bdca032170ee9da39985bb64eba8ed900
  HDPodBMKSDK: 5ca65f8406792aaa0b01cb9903503723f1f9334e

PODFILE CHECKSUM: f70cd2f9cc57a02c93c2502aff90a5716cacd14c

COCOAPODS: 1.2.1
