PODS:
  - BaiduMapKit (3.3.0)
  - HDPodBMKSDK (0.0.1):
    - BaiduMapKit
    - HDPodBMKSDK/HDPodBMKSDK (= 0.0.1)
  - HDPodBMKSDK/HDPodBMKSDK (0.0.1):
    - BaiduMapKit

DEPENDENCIES:
  - HDPodBMKSDK (from `../HDPodBMKSDK`)

EXTERNAL SOURCES:
  HDPodBMKSDK:
    :path: ../HDPodBMKSDK

SPEC CHECKSUMS:
  BaiduMapKit: 6517f84bdca032170ee9da39985bb64eba8ed900
  HDPodBMKSDK: 6c665b0bde36a4b31f50ff6e52dd7d4872df66e3

PODFILE CHECKSUM: b09176f26923339eb91213835a0a9c322fa3425e

COCOAPODS: 1.2.0
