PODS:
  - BaiduMapKit (3.3.0)
  - HDPodBMKSDK (0.0.1):
    - BaiduMapKit
    - HDPodBMKSDK/HDPodBMKSDK (= 0.0.1)
  - HDPodBMKSDK/HDPodBMKSDK (0.0.1):
    - BaiduMapKit

DEPENDENCIES:
  - HDPodBMKSDK (from `https://github.com/erduoniba/HDPodBMKSDK.git`)

EXTERNAL SOURCES:
  HDPodBMKSDK:
    :git: https://github.com/erduoniba/HDPodBMKSDK.git

CHECKOUT OPTIONS:
  HDPodBMKSDK:
    :commit: 40dfb2836a311a2f974ce79ca7afadc75568f9cb
    :git: https://github.com/erduoniba/HDPodBMKSDK.git

SPEC CHECKSUMS:
  BaiduMapKit: 6517f84bdca032170ee9da39985bb64eba8ed900
  HDPodBMKSDK: 5ca65f8406792aaa0b01cb9903503723f1f9334e

PODFILE CHECKSUM: 28a06d21c2b4787e73c31ec8926eca6e96d33c17

COCOAPODS: 1.2.0
